// !$*UTF8*$!
{
	archiveVersion = 1;
	classes = {
	};
	objectVersion = 55;
	objects = {

/* Begin PBXBuildFile section */
		848AD0BA282A6A5A00F9C019 /* JHModuleD.m in Sources */ = {isa = PBXBuildFile; fileRef = 848AD0B9282A6A5A00F9C019 /* JHModuleD.m */; };
		848AD0BB282A6A5A00F9C019 /* JHModuleD.h in CopyFiles */ = {isa = PBXBuildFile; fileRef = 848AD0B8282A6A5A00F9C019 /* JHModuleD.h */; };
		848AD0C5282A6C8900F9C019 /* JHModuleD_One.m in Sources */ = {isa = PBXBuildFile; fileRef = 848AD0C4282A6C8900F9C019 /* JHModuleD_One.m */; };
		848AD0C8282A6C9400F9C019 /* JHModuleD_Two.m in Sources */ = {isa = PBXBuildFile; fileRef = 848AD0C7282A6C9400F9C019 /* JHModuleD_Two.m */; };
		848AD0C9282A6CB400F9C019 /* JHModuleD_One.h in CopyFiles */ = {isa = PBXBuildFile; fileRef = 848AD0C3282A6C8900F9C019 /* JHModuleD_One.h */; };
		848AD0CA282A6CB700F9C019 /* JHModuleD_Two.h in CopyFiles */ = {isa = PBXBuildFile; fileRef = 848AD0C6282A6C9400F9C019 /* JHModuleD_Two.h */; };
/* End PBXBuildFile section */

/* Begin PBXCopyFilesBuildPhase section */
		848AD0B3282A6A5A00F9C019 /* CopyFiles */ = {
			isa = PBXCopyFilesBuildPhase;
			buildActionMask = 2147483647;
			dstPath = "include/$(PRODUCT_NAME)";
			dstSubfolderSpec = 16;
			files = (
				848AD0CA282A6CB700F9C019 /* JHModuleD_Two.h in CopyFiles */,
				848AD0C9282A6CB400F9C019 /* JHModuleD_One.h in CopyFiles */,
				848AD0BB282A6A5A00F9C019 /* JHModuleD.h in CopyFiles */,
			);
			runOnlyForDeploymentPostprocessing = 0;
		};
/* End PBXCopyFilesBuildPhase section */

/* Begin PBXFileReference section */
		848AD0B5282A6A5A00F9C019 /* libJHModuleD.a */ = {isa = PBXFileReference; explicitFileType = archive.ar; includeInIndex = 0; path = libJHModuleD.a; sourceTree = BUILT_PRODUCTS_DIR; };
		848AD0B8282A6A5A00F9C019 /* JHModuleD.h */ = {isa = PBXFileReference; lastKnownFileType = sourcecode.c.h; path = JHModuleD.h; sourceTree = "<group>"; };
		848AD0B9282A6A5A00F9C019 /* JHModuleD.m */ = {isa = PBXFileReference; lastKnownFileType = sourcecode.c.objc; path = JHModuleD.m; sourceTree = "<group>"; };
		848AD0C3282A6C8900F9C019 /* JHModuleD_One.h */ = {isa = PBXFileReference; lastKnownFileType = sourcecode.c.h; path = JHModuleD_One.h; sourceTree = "<group>"; };
		848AD0C4282A6C8900F9C019 /* JHModuleD_One.m */ = {isa = PBXFileReference; lastKnownFileType = sourcecode.c.objc; path = JHModuleD_One.m; sourceTree = "<group>"; };
		848AD0C6282A6C9400F9C019 /* JHModuleD_Two.h */ = {isa = PBXFileReference; lastKnownFileType = sourcecode.c.h; path = JHModuleD_Two.h; sourceTree = "<group>"; };
		848AD0C7282A6C9400F9C019 /* JHModuleD_Two.m */ = {isa = PBXFileReference; lastKnownFileType = sourcecode.c.objc; path = JHModuleD_Two.m; sourceTree = "<group>"; };
/* End PBXFileReference section */

/* Begin PBXFrameworksBuildPhase section */
		848AD0B2282A6A5A00F9C019 /* Frameworks */ = {
			isa = PBXFrameworksBuildPhase;
			buildActionMask = 2147483647;
			files = (
			);
			runOnlyForDeploymentPostprocessing = 0;
		};
/* End PBXFrameworksBuildPhase section */

/* Begin PBXGroup section */
		848AD0AC282A6A5A00F9C019 = {
			isa = PBXGroup;
			children = (
				848AD0B7282A6A5A00F9C019 /* JHModuleD */,
				848AD0B6282A6A5A00F9C019 /* Products */,
			);
			sourceTree = "<group>";
		};
		848AD0B6282A6A5A00F9C019 /* Products */ = {
			isa = PBXGroup;
			children = (
				848AD0B5282A6A5A00F9C019 /* libJHModuleD.a */,
			);
			name = Products;
			sourceTree = "<group>";
		};
		848AD0B7282A6A5A00F9C019 /* JHModuleD */ = {
			isa = PBXGroup;
			children = (
				848AD0B8282A6A5A00F9C019 /* JHModuleD.h */,
				848AD0B9282A6A5A00F9C019 /* JHModuleD.m */,
				848AD0C2282A6C6F00F9C019 /* TestTwo */,
				848AD0C1282A6C6100F9C019 /* TestOne */,
			);
			path = JHModuleD;
			sourceTree = "<group>";
		};
		848AD0C1282A6C6100F9C019 /* TestOne */ = {
			isa = PBXGroup;
			children = (
				848AD0C6282A6C9400F9C019 /* JHModuleD_Two.h */,
				848AD0C7282A6C9400F9C019 /* JHModuleD_Two.m */,
			);
			path = TestOne;
			sourceTree = "<group>";
		};
		848AD0C2282A6C6F00F9C019 /* TestTwo */ = {
			isa = PBXGroup;
			children = (
				848AD0C3282A6C8900F9C019 /* JHModuleD_One.h */,
				848AD0C4282A6C8900F9C019 /* JHModuleD_One.m */,
			);
			path = TestTwo;
			sourceTree = "<group>";
		};
/* End PBXGroup section */

/* Begin PBXNativeTarget section */
		848AD0B4282A6A5A00F9C019 /* JHModuleD */ = {
			isa = PBXNativeTarget;
			buildConfigurationList = 848AD0BE282A6A5A00F9C019 /* Build configuration list for PBXNativeTarget "JHModuleD" */;
			buildPhases = (
				848AD0B1282A6A5A00F9C019 /* Sources */,
				848AD0B2282A6A5A00F9C019 /* Frameworks */,
				848AD0B3282A6A5A00F9C019 /* CopyFiles */,
			);
			buildRules = (
			);
			dependencies = (
			);
			name = JHModuleD;
			productName = JHModuleD;
			productReference = 848AD0B5282A6A5A00F9C019 /* libJHModuleD.a */;
			productType = "com.apple.product-type.library.static";
		};
/* End PBXNativeTarget section */

/* Begin PBXProject section */
		848AD0AD282A6A5A00F9C019 /* Project object */ = {
			isa = PBXProject;
			attributes = {
				BuildIndependentTargetsInParallel = 1;
				LastUpgradeCheck = 1310;
				TargetAttributes = {
					848AD0B4282A6A5A00F9C019 = {
						CreatedOnToolsVersion = 13.1;
					};
				};
			};
			buildConfigurationList = 848AD0B0282A6A5A00F9C019 /* Build configuration list for PBXProject "JHModuleD" */;
			compatibilityVersion = "Xcode 13.0";
			developmentRegion = en;
			hasScannedForEncodings = 0;
			knownRegions = (
				en,
				Base,
			);
			mainGroup = 848AD0AC282A6A5A00F9C019;
			productRefGroup = 848AD0B6282A6A5A00F9C019 /* Products */;
			projectDirPath = "";
			projectRoot = "";
			targets = (
				848AD0B4282A6A5A00F9C019 /* JHModuleD */,
			);
		};
/* End PBXProject section */

/* Begin PBXSourcesBuildPhase section */
		848AD0B1282A6A5A00F9C019 /* Sources */ = {
			isa = PBXSourcesBuildPhase;
			buildActionMask = 2147483647;
			files = (
				848AD0BA282A6A5A00F9C019 /* JHModuleD.m in Sources */,
				848AD0C5282A6C8900F9C019 /* JHModuleD_One.m in Sources */,
				848AD0C8282A6C9400F9C019 /* JHModuleD_Two.m in Sources */,
			);
			runOnlyForDeploymentPostprocessing = 0;
		};
/* End PBXSourcesBuildPhase section */

/* Begin XCBuildConfiguration section */
		848AD0BC282A6A5A00F9C019 /* Debug */ = {
			isa = XCBuildConfiguration;
			buildSettings = {
				ALWAYS_SEARCH_USER_PATHS = NO;
				CLANG_ANALYZER_NONNULL = YES;
				CLANG_ANALYZER_NUMBER_OBJECT_CONVERSION = YES_AGGRESSIVE;
				CLANG_CXX_LANGUAGE_STANDARD = "gnu++17";
				CLANG_CXX_LIBRARY = "libc++";
				CLANG_ENABLE_MODULES = YES;
				CLANG_ENABLE_OBJC_ARC = YES;
				CLANG_ENABLE_OBJC_WEAK = YES;
				CLANG_WARN_BLOCK_CAPTURE_AUTORELEASING = YES;
				CLANG_WARN_BOOL_CONVERSION = YES;
				CLANG_WARN_COMMA = YES;
				CLANG_WARN_CONSTANT_CONVERSION = YES;
				CLANG_WARN_DEPRECATED_OBJC_IMPLEMENTATIONS = YES;
				CLANG_WARN_DIRECT_OBJC_ISA_USAGE = YES_ERROR;
				CLANG_WARN_DOCUMENTATION_COMMENTS = YES;
				CLANG_WARN_EMPTY_BODY = YES;
				CLANG_WARN_ENUM_CONVERSION = YES;
				CLANG_WARN_INFINITE_RECURSION = YES;
				CLANG_WARN_INT_CONVERSION = YES;
				CLANG_WARN_NON_LITERAL_NULL_CONVERSION = YES;
				CLANG_WARN_OBJC_IMPLICIT_RETAIN_SELF = YES;
				CLANG_WARN_OBJC_LITERAL_CONVERSION = YES;
				CLANG_WARN_OBJC_ROOT_CLASS = YES_ERROR;
				CLANG_WARN_QUOTED_INCLUDE_IN_FRAMEWORK_HEADER = YES;
				CLANG_WARN_RANGE_LOOP_ANALYSIS = YES;
				CLANG_WARN_STRICT_PROTOTYPES = YES;
				CLANG_WARN_SUSPICIOUS_MOVE = YES;
				CLANG_WARN_UNGUARDED_AVAILABILITY = YES_AGGRESSIVE;
				CLANG_WARN_UNREACHABLE_CODE = YES;
				CLANG_WARN__DUPLICATE_METHOD_MATCH = YES;
				COPY_PHASE_STRIP = NO;
				DEBUG_INFORMATION_FORMAT = dwarf;
				ENABLE_STRICT_OBJC_MSGSEND = YES;
				ENABLE_TESTABILITY = YES;
				GCC_C_LANGUAGE_STANDARD = gnu11;
				GCC_DYNAMIC_NO_PIC = NO;
				GCC_NO_COMMON_BLOCKS = YES;
				GCC_OPTIMIZATION_LEVEL = 0;
				GCC_PREPROCESSOR_DEFINITIONS = (
					"DEBUG=1",
					"$(inherited)",
				);
				GCC_WARN_64_TO_32_BIT_CONVERSION = YES;
				GCC_WARN_ABOUT_RETURN_TYPE = YES_ERROR;
				GCC_WARN_UNDECLARED_SELECTOR = YES;
				GCC_WARN_UNINITIALIZED_AUTOS = YES_AGGRESSIVE;
				GCC_WARN_UNUSED_FUNCTION = YES;
				GCC_WARN_UNUSED_VARIABLE = YES;
				IPHONEOS_DEPLOYMENT_TARGET = 9.0;
				MTL_ENABLE_DEBUG_INFO = INCLUDE_SOURCE;
				MTL_FAST_MATH = YES;
				ONLY_ACTIVE_ARCH = YES;
				SDKROOT = iphoneos;
			};
			name = Debug;
		};
		848AD0BD282A6A5A00F9C019 /* Release */ = {
			isa = XCBuildConfiguration;
			buildSettings = {
				ALWAYS_SEARCH_USER_PATHS = NO;
				CLANG_ANALYZER_NONNULL = YES;
				CLANG_ANALYZER_NUMBER_OBJECT_CONVERSION = YES_AGGRESSIVE;
				CLANG_CXX_LANGUAGE_STANDARD = "gnu++17";
				CLANG_CXX_LIBRARY = "libc++";
				CLANG_ENABLE_MODULES = YES;
				CLANG_ENABLE_OBJC_ARC = YES;
				CLANG_ENABLE_OBJC_WEAK = YES;
				CLANG_WARN_BLOCK_CAPTURE_AUTORELEASING = YES;
				CLANG_WARN_BOOL_CONVERSION = YES;
				CLANG_WARN_COMMA = YES;
				CLANG_WARN_CONSTANT_CONVERSION = YES;
				CLANG_WARN_DEPRECATED_OBJC_IMPLEMENTATIONS = YES;
				CLANG_WARN_DIRECT_OBJC_ISA_USAGE = YES_ERROR;
				CLANG_WARN_DOCUMENTATION_COMMENTS = YES;
				CLANG_WARN_EMPTY_BODY = YES;
				CLANG_WARN_ENUM_CONVERSION = YES;
				CLANG_WARN_INFINITE_RECURSION = YES;
				CLANG_WARN_INT_CONVERSION = YES;
				CLANG_WARN_NON_LITERAL_NULL_CONVERSION = YES;
				CLANG_WARN_OBJC_IMPLICIT_RETAIN_SELF = YES;
				CLANG_WARN_OBJC_LITERAL_CONVERSION = YES;
				CLANG_WARN_OBJC_ROOT_CLASS = YES_ERROR;
				CLANG_WARN_QUOTED_INCLUDE_IN_FRAMEWORK_HEADER = YES;
				CLANG_WARN_RANGE_LOOP_ANALYSIS = YES;
				CLANG_WARN_STRICT_PROTOTYPES = YES;
				CLANG_WARN_SUSPICIOUS_MOVE = YES;
				CLANG_WARN_UNGUARDED_AVAILABILITY = YES_AGGRESSIVE;
				CLANG_WARN_UNREACHABLE_CODE = YES;
				CLANG_WARN__DUPLICATE_METHOD_MATCH = YES;
				COPY_PHASE_STRIP = NO;
				DEBUG_INFORMATION_FORMAT = "dwarf-with-dsym";
				ENABLE_NS_ASSERTIONS = NO;
				ENABLE_STRICT_OBJC_MSGSEND = YES;
				GCC_C_LANGUAGE_STANDARD = gnu11;
				GCC_NO_COMMON_BLOCKS = YES;
				GCC_WARN_64_TO_32_BIT_CONVERSION = YES;
				GCC_WARN_ABOUT_RETURN_TYPE = YES_ERROR;
				GCC_WARN_UNDECLARED_SELECTOR = YES;
				GCC_WARN_UNINITIALIZED_AUTOS = YES_AGGRESSIVE;
				GCC_WARN_UNUSED_FUNCTION = YES;
				GCC_WARN_UNUSED_VARIABLE = YES;
				IPHONEOS_DEPLOYMENT_TARGET = 9.0;
				MTL_ENABLE_DEBUG_INFO = NO;
				MTL_FAST_MATH = YES;
				SDKROOT = iphoneos;
				VALIDATE_PRODUCT = YES;
			};
			name = Release;
		};
		848AD0BF282A6A5A00F9C019 /* Debug */ = {
			isa = XCBuildConfiguration;
			buildSettings = {
				CODE_SIGN_STYLE = Automatic;
				DEVELOPMENT_TEAM = H3Z9Q6LHF3;
				OTHER_LDFLAGS = (
					"-all_load",
					"-ObjC",
				);
				PRODUCT_NAME = "$(TARGET_NAME)";
				SKIP_INSTALL = YES;
				TARGETED_DEVICE_FAMILY = "1,2";
			};
			name = Debug;
		};
		848AD0C0282A6A5A00F9C019 /* Release */ = {
			isa = XCBuildConfiguration;
			buildSettings = {
				CODE_SIGN_STYLE = Automatic;
				DEVELOPMENT_TEAM = H3Z9Q6LHF3;
				OTHER_LDFLAGS = (
					"-all_load",
					"-ObjC",
				);
				PRODUCT_NAME = "$(TARGET_NAME)";
				SKIP_INSTALL = YES;
				TARGETED_DEVICE_FAMILY = "1,2";
			};
			name = Release;
		};
/* End XCBuildConfiguration section */

/* Begin XCConfigurationList section */
		848AD0B0282A6A5A00F9C019 /* Build configuration list for PBXProject "JHModuleD" */ = {
			isa = XCConfigurationList;
			buildConfigurations = (
				848AD0BC282A6A5A00F9C019 /* Debug */,
				848AD0BD282A6A5A00F9C019 /* Release */,
			);
			defaultConfigurationIsVisible = 0;
			defaultConfigurationName = Release;
		};
		848AD0BE282A6A5A00F9C019 /* Build configuration list for PBXNativeTarget "JHModuleD" */ = {
			isa = XCConfigurationList;
			buildConfigurations = (
				848AD0BF282A6A5A00F9C019 /* Debug */,
				848AD0C0282A6A5A00F9C019 /* Release */,
			);
			defaultConfigurationIsVisible = 0;
			defaultConfigurationName = Release;
		};
/* End XCConfigurationList section */
	};
	rootObject = 848AD0AD282A6A5A00F9C019 /* Project object */;
}
